
Microsoft Visual Studio Solution File, Format Version 12.00
# Visual Studio Version 17
VisualStudioVersion = 17.1.32319.34
MinimumVisualStudioVersion = 10.0.40219.1
Project("{FAE04EC0-301F-11D3-BF4B-00C04F79EFBC}") = "WebApplication1", "WebApplication1\WebApplication1.csproj", "{454D23E0-C466-4F12-BBE1-3950C174A139}"
EndProject
Global
	GlobalSection(SolutionConfigurationPlatforms) = preSolution
		Debug|Any CPU = Debug|Any CPU
		Release|Any CPU = Release|Any CPU
	EndGlobalSection
	GlobalSection(ProjectConfigurationPlatforms) = postSolution
		{454D23E0-C466-4F12-BBE1-3950C174A139}.Debug|Any CPU.ActiveCfg = Debug|Any CPU
		{454D23E0-C466-4F12-BBE1-3950C174A139}.Debug|Any CPU.Build.0 = Debug|Any CPU
		{454D23E0-C466-4F12-BBE1-3950C174A139}.Release|Any CPU.ActiveCfg = Release|Any CPU
		{454D23E0-C466-4F12-BBE1-3950C174A139}.Release|Any CPU.Build.0 = Release|Any CPU
	EndGlobalSection
	GlobalSection(SolutionProperties) = preSolution
		HideSolutionNode = FALSE
	EndGlobalSection
	GlobalSection(ExtensibilityGlobals) = postSolution
		SolutionGuid = {7E0B7A27-C7C2-4626-8637-F79FFC2EEF81}
	EndGlobalSection
EndGlobal
